// !$*UTF8*$!
{
	archiveVersion = 1;
	classes = {
	};
	objectVersion = 46;
	objects = {

/* Begin PBXBuildFile section */
		2D1FB46A63F6F61E4F105B6D /* Pods_Draw.framework in Frameworks */ = {isa = PBXBuildFile; fileRef = 8D9ED297B9677CE27E9A9174 /* Pods_Draw.framework */; };
		38B5F6711F32D1BF007F087C /* AppDelegate.swift in Sources */ = {isa = PBXBuildFile; fileRef = 38B5F6701F32D1BF007F087C /* AppDelegate.swift */; };
		38B5F6731F32D1BF007F087C /* ViewController.swift in Sources */ = {isa = PBXBuildFile; fileRef = 38B5F6721F32D1BF007F087C /* ViewController.swift */; };
		38B5F6761F32D1BF007F087C /* Main.storyboard in Resources */ = {isa = PBXBuildFile; fileRef = 38B5F6741F32D1BF007F087C /* Main.storyboard */; };
		38B5F6781F32D1BF007F087C /* Assets.xcassets in Resources */ = {isa = PBXBuildFile; fileRef = 38B5F6771F32D1BF007F087C /* Assets.xcassets */; };
		38B5F67B1F32D1BF007F087C /* LaunchScreen.storyboard in Resources */ = {isa = PBXBuildFile; fileRef = 38B5F6791F32D1BF007F087C /* LaunchScreen.storyboard */; };
		38B5F6CB1F36BC06007F087C /* GoogleService-Info.plist in Resources */ = {isa = PBXBuildFile; fileRef = 38B5F6CA1F36BC06007F087C /* GoogleService-Info.plist */; };
/* End PBXBuildFile section */

/* Begin PBXFileReference section */
		38B5F66D1F32D1BF007F087C /* Draw.app */ = {isa = PBXFileReference; explicitFileType = wrapper.application; includeInIndex = 0; path = Draw.app; sourceTree = BUILT_PRODUCTS_DIR; };
		38B5F6701F32D1BF007F087C /* AppDelegate.swift */ = {isa = PBXFileReference; lastKnownFileType = sourcecode.swift; path = AppDelegate.swift; sourceTree = "<group>"; };
		38B5F6721F32D1BF007F087C /* ViewController.swift */ = {isa = PBXFileReference; lastKnownFileType = sourcecode.swift; path = ViewController.swift; sourceTree = "<group>"; };
		38B5F6751F32D1BF007F087C /* Base */ = {isa = PBXFileReference; lastKnownFileType = file.storyboard; name = Base; path = Base.lproj/Main.storyboard; sourceTree = "<group>"; };
		38B5F6771F32D1BF007F087C /* Assets.xcassets */ = {isa = PBXFileReference; lastKnownFileType = folder.assetcatalog; path = Assets.xcassets; sourceTree = "<group>"; };
		38B5F67A1F32D1BF007F087C /* Base */ = {isa = PBXFileReference; lastKnownFileType = file.storyboard; name = Base; path = Base.lproj/LaunchScreen.storyboard; sourceTree = "<group>"; };
		38B5F67C1F32D1BF007F087C /* Info.plist */ = {isa = PBXFileReference; lastKnownFileType = text.plist.xml; path = Info.plist; sourceTree = "<group>"; };
		38B5F6CA1F36BC06007F087C /* GoogleService-Info.plist */ = {isa = PBXFileReference; fileEncoding = 4; lastKnownFileType = text.plist.xml; path = "GoogleService-Info.plist"; sourceTree = "<group>"; };
		7550E0BEED5C334BA897F7B6 /* Pods-Draw.debug.xcconfig */ = {isa = PBXFileReference; includeInIndex = 1; lastKnownFileType = text.xcconfig; name = "Pods-Draw.debug.xcconfig"; path = "Pods/Target Support Files/Pods-Draw/Pods-Draw.debug.xcconfig"; sourceTree = "<group>"; };
		85EFA469212F4507FD020EEA /* Pods-Draw.release.xcconfig */ = {isa = PBXFileReference; includeInIndex = 1; lastKnownFileType = text.xcconfig; name = "Pods-Draw.release.xcconfig"; path = "Pods/Target Support Files/Pods-Draw/Pods-Draw.release.xcconfig"; sourceTree = "<group>"; };
		8D9ED297B9677CE27E9A9174 /* Pods_Draw.framework */ = {isa = PBXFileReference; explicitFileType = wrapper.framework; includeInIndex = 0; path = Pods_Draw.framework; sourceTree = BUILT_PRODUCTS_DIR; };
/* End PBXFileReference section */

/* Begin PBXFrameworksBuildPhase section */
		38B5F66A1F32D1BF007F087C /* Frameworks */ = {
			isa = PBXFrameworksBuildPhase;
			buildActionMask = 2147483647;
			files = (
				2D1FB46A63F6F61E4F105B6D /* Pods_Draw.framework in Frameworks */,
			);
			runOnlyForDeploymentPostprocessing = 0;
		};
/* End PBXFrameworksBuildPhase section */

/* Begin PBXGroup section */
		38B5F6641F32D1BF007F087C = {
			isa = PBXGroup;
			children = (
				38B5F66F1F32D1BF007F087C /* Draw */,
				38B5F66E1F32D1BF007F087C /* Products */,
				DACB63F4D5743AA1035B659A /* Pods */,
				C4E291C4988EB3414EB639ED /* Frameworks */,
			);
			sourceTree = "<group>";
		};
		38B5F66E1F32D1BF007F087C /* Products */ = {
			isa = PBXGroup;
			children = (
				38B5F66D1F32D1BF007F087C /* Draw.app */,
			);
			name = Products;
			sourceTree = "<group>";
		};
		38B5F66F1F32D1BF007F087C /* Draw */ = {
			isa = PBXGroup;
			children = (
				38B5F6701F32D1BF007F087C /* AppDelegate.swift */,
				38B5F6721F32D1BF007F087C /* ViewController.swift */,
				38B5F6741F32D1BF007F087C /* Main.storyboard */,
				38B5F6771F32D1BF007F087C /* Assets.xcassets */,
				38B5F6CA1F36BC06007F087C /* GoogleService-Info.plist */,
				38B5F6791F32D1BF007F087C /* LaunchScreen.storyboard */,
				38B5F67C1F32D1BF007F087C /* Info.plist */,
			);
			path = Draw;
			sourceTree = "<group>";
		};
		C4E291C4988EB3414EB639ED /* Frameworks */ = {
			isa = PBXGroup;
			children = (
				8D9ED297B9677CE27E9A9174 /* Pods_Draw.framework */,
			);
			name = Frameworks;
			sourceTree = "<group>";
		};
		DACB63F4D5743AA1035B659A /* Pods */ = {
			isa = PBXGroup;
			children = (
				7550E0BEED5C334BA897F7B6 /* Pods-Draw.debug.xcconfig */,
				85EFA469212F4507FD020EEA /* Pods-Draw.release.xcconfig */,
			);
			name = Pods;
			sourceTree = "<group>";
		};
/* End PBXGroup section */

/* Begin PBXNativeTarget section */
		38B5F66C1F32D1BF007F087C /* Draw */ = {
			isa = PBXNativeTarget;
			buildConfigurationList = 38B5F67F1F32D1BF007F087C /* Build configuration list for PBXNativeTarget "Draw" */;
			buildPhases = (
				894F8277254D4B5AD5FD0B38 /* [CP] Check Pods Manifest.lock */,
				38B5F6691F32D1BF007F087C /* Sources */,
				38B5F66A1F32D1BF007F087C /* Frameworks */,
				38B5F66B1F32D1BF007F087C /* Resources */,
				4AAA9BC46907EBC3FD2A2A41 /* [CP] Embed Pods Frameworks */,
				7F9CFA989ECCD17E535FCE3F /* [CP] Copy Pods Resources */,
			);
			buildRules = (
			);
			dependencies = (
			);
			name = Draw;
			productName = Draw;
			productReference = 38B5F66D1F32D1BF007F087C /* Draw.app */;
			productType = "com.apple.product-type.application";
		};
/* End PBXNativeTarget section */

/* Begin PBXProject section */
		38B5F6651F32D1BF007F087C /* Project object */ = {
			isa = PBXProject;
			attributes = {
				LastSwiftUpdateCheck = 0830;
				LastUpgradeCheck = 0830;
				ORGANIZATIONNAME = "Caelan Dailey";
				TargetAttributes = {
					38B5F66C1F32D1BF007F087C = {
						CreatedOnToolsVersion = 8.3.3;
						DevelopmentTeam = N3VBXEQWW6;
						ProvisioningStyle = Automatic;
					};
				};
			};
			buildConfigurationList = 38B5F6681F32D1BF007F087C /* Build configuration list for PBXProject "Draw" */;
			compatibilityVersion = "Xcode 3.2";
			developmentRegion = English;
			hasScannedForEncodings = 0;
			knownRegions = (
				en,
				Base,
			);
			mainGroup = 38B5F6641F32D1BF007F087C;
			productRefGroup = 38B5F66E1F32D1BF007F087C /* Products */;
			projectDirPath = "";
			projectRoot = "";
			targets = (
				38B5F66C1F32D1BF007F087C /* Draw */,
			);
		};
/* End PBXProject section */

/* Begin PBXResourcesBuildPhase section */
		38B5F66B1F32D1BF007F087C /* Resources */ = {
			isa = PBXResourcesBuildPhase;
			buildActionMask = 2147483647;
			files = (
				38B5F67B1F32D1BF007F087C /* LaunchScreen.storyboard in Resources */,
				38B5F6CB1F36BC06007F087C /* GoogleService-Info.plist in Resources */,
				38B5F6781F32D1BF007F087C /* Assets.xcassets in Resources */,
				38B5F6761F32D1BF007F087C /* Main.storyboard in Resources */,
			);
			runOnlyForDeploymentPostprocessing = 0;
		};
/* End PBXResourcesBuildPhase section */

/* Begin PBXShellScriptBuildPhase section */
		4AAA9BC46907EBC3FD2A2A41 /* [CP] Embed Pods Frameworks */ = {
			isa = PBXShellScriptBuildPhase;
			buildActionMask = 2147483647;
			files = (
			);
			inputPaths = (
			);
			name = "[CP] Embed Pods Frameworks";
			outputPaths = (
			);
			runOnlyForDeploymentPostprocessing = 0;
			shellPath = /bin/sh;
			shellScript = "\"${SRCROOT}/Pods/Target Support Files/Pods-Draw/Pods-Draw-frameworks.sh\"\n";
			showEnvVarsInLog = 0;
		};
		7F9CFA989ECCD17E535FCE3F /* [CP] Copy Pods Resources */ = {
			isa = PBXShellScriptBuildPhase;
			buildActionMask = 2147483647;
			files = (
			);
			inputPaths = (
			);
			name = "[CP] Copy Pods Resources";
			outputPaths = (
			);
			runOnlyForDeploymentPostprocessing = 0;
			shellPath = /bin/sh;
			shellScript = "\"${SRCROOT}/Pods/Target Support Files/Pods-Draw/Pods-Draw-resources.sh\"\n";
			showEnvVarsInLog = 0;
		};
		894F8277254D4B5AD5FD0B38 /* [CP] Check Pods Manifest.lock */ = {
			isa = PBXShellScriptBuildPhase;
			buildActionMask = 2147483647;
			files = (
			);
			inputPaths = (
			);
			name = "[CP] Check Pods Manifest.lock";
			outputPaths = (
			);
			runOnlyForDeploymentPostprocessing = 0;
			shellPath = /bin/sh;
			shellScript = "diff \"${PODS_PODFILE_DIR_PATH}/Podfile.lock\" \"${PODS_ROOT}/Manifest.lock\" > /dev/null\nif [ $? != 0 ] ; then\n    # print error to STDERR\n    echo \"error: The sandbox is not in sync with the Podfile.lock. Run 'pod install' or update your CocoaPods installation.\" >&2\n    exit 1\nfi\n";
			showEnvVarsInLog = 0;
		};
/* End PBXShellScriptBuildPhase section */

/* Begin PBXSourcesBuildPhase section */
		38B5F6691F32D1BF007F087C /* Sources */ = {
			isa = PBXSourcesBuildPhase;
			buildActionMask = 2147483647;
			files = (
				38B5F6731F32D1BF007F087C /* ViewController.swift in Sources */,
				38B5F6711F32D1BF007F087C /* AppDelegate.swift in Sources */,
			);
			runOnlyForDeploymentPostprocessing = 0;
		};
/* End PBXSourcesBuildPhase section */

/* Begin PBXVariantGroup section */
		38B5F6741F32D1BF007F087C /* Main.storyboard */ = {
			isa = PBXVariantGroup;
			children = (
				38B5F6751F32D1BF007F087C /* Base */,
			);
			name = Main.storyboard;
			sourceTree = "<group>";
		};
		38B5F6791F32D1BF007F087C /* LaunchScreen.storyboard */ = {
			isa = PBXVariantGroup;
			children = (
				38B5F67A1F32D1BF007F087C /* Base */,
			);
			name = LaunchScreen.storyboard;
			sourceTree = "<group>";
		};
/* End PBXVariantGroup section */

/* Begin XCBuildConfiguration section */
		38B5F67D1F32D1BF007F087C /* Debug */ = {
			isa = XCBuildConfiguration;
			buildSettings = {
				ALWAYS_SEARCH_USER_PATHS = NO;
				CLANG_ANALYZER_NONNULL = YES;
				CLANG_ANALYZER_NUMBER_OBJECT_CONVERSION = YES_AGGRESSIVE;
				CLANG_CXX_LANGUAGE_STANDARD = "gnu++0x";
				CLANG_CXX_LIBRARY = "libc++";
				CLANG_ENABLE_MODULES = YES;
				CLANG_ENABLE_OBJC_ARC = YES;
				CLANG_WARN_BOOL_CONVERSION = YES;
				CLANG_WARN_CONSTANT_CONVERSION = YES;
				CLANG_WARN_DIRECT_OBJC_ISA_USAGE = YES_ERROR;
				CLANG_WARN_DOCUMENTATION_COMMENTS = YES;
				CLANG_WARN_EMPTY_BODY = YES;
				CLANG_WARN_ENUM_CONVERSION = YES;
				CLANG_WARN_INFINITE_RECURSION = YES;
				CLANG_WARN_INT_CONVERSION = YES;
				CLANG_WARN_OBJC_ROOT_CLASS = YES_ERROR;
				CLANG_WARN_SUSPICIOUS_MOVE = YES;
				CLANG_WARN_UNREACHABLE_CODE = YES;
				CLANG_WARN__DUPLICATE_METHOD_MATCH = YES;
				"CODE_SIGN_IDENTITY[sdk=iphoneos*]" = "iPhone Developer";
				COPY_PHASE_STRIP = NO;
				DEBUG_INFORMATION_FORMAT = dwarf;
				ENABLE_STRICT_OBJC_MSGSEND = YES;
				ENABLE_TESTABILITY = YES;
				GCC_C_LANGUAGE_STANDARD = gnu99;
				GCC_DYNAMIC_NO_PIC = NO;
				GCC_NO_COMMON_BLOCKS = YES;
				GCC_OPTIMIZATION_LEVEL = 0;
				GCC_PREPROCESSOR_DEFINITIONS = (
					"DEBUG=1",
					"$(inherited)",
				);
				GCC_WARN_64_TO_32_BIT_CONVERSION = YES;
				GCC_WARN_ABOUT_RETURN_TYPE = YES_ERROR;
				GCC_WARN_UNDECLARED_SELECTOR = YES;
				GCC_WARN_UNINITIALIZED_AUTOS = YES_AGGRESSIVE;
				GCC_WARN_UNUSED_FUNCTION = YES;
				GCC_WARN_UNUSED_VARIABLE = YES;
				IPHONEOS_DEPLOYMENT_TARGET = 10.3;
				MTL_ENABLE_DEBUG_INFO = YES;
				ONLY_ACTIVE_ARCH = YES;
				SDKROOT = iphoneos;
				SWIFT_ACTIVE_COMPILATION_CONDITIONS = DEBUG;
				SWIFT_OPTIMIZATION_LEVEL = "-Onone";
			};
			name = Debug;
		};
		38B5F67E1F32D1BF007F087C /* Release */ = {
			isa = XCBuildConfiguration;
			buildSettings = {
				ALWAYS_SEARCH_USER_PATHS = NO;
				CLANG_ANALYZER_NONNULL = YES;
				CLANG_ANALYZER_NUMBER_OBJECT_CONVERSION = YES_AGGRESSIVE;
				CLANG_CXX_LANGUAGE_STANDARD = "gnu++0x";
				CLANG_CXX_LIBRARY = "libc++";
				CLANG_ENABLE_MODULES = YES;
				CLANG_ENABLE_OBJC_ARC = YES;
				CLANG_WARN_BOOL_CONVERSION = YES;
				CLANG_WARN_CONSTANT_CONVERSION = YES;
				CLANG_WARN_DIRECT_OBJC_ISA_USAGE = YES_ERROR;
				CLANG_WARN_DOCUMENTATION_COMMENTS = YES;
				CLANG_WARN_EMPTY_BODY = YES;
				CLANG_WARN_ENUM_CONVERSION = YES;
				CLANG_WARN_INFINITE_RECURSION = YES;
				CLANG_WARN_INT_CONVERSION = YES;
				CLANG_WARN_OBJC_ROOT_CLASS = YES_ERROR;
				CLANG_WARN_SUSPICIOUS_MOVE = YES;
				CLANG_WARN_UNREACHABLE_CODE = YES;
				CLANG_WARN__DUPLICATE_METHOD_MATCH = YES;
				"CODE_SIGN_IDENTITY[sdk=iphoneos*]" = "iPhone Developer";
				COPY_PHASE_STRIP = NO;
				DEBUG_INFORMATION_FORMAT = "dwarf-with-dsym";
				ENABLE_NS_ASSERTIONS = NO;
				ENABLE_STRICT_OBJC_MSGSEND = YES;
				GCC_C_LANGUAGE_STANDARD = gnu99;
				GCC_NO_COMMON_BLOCKS = YES;
				GCC_WARN_64_TO_32_BIT_CONVERSION = YES;
				GCC_WARN_ABOUT_RETURN_TYPE = YES_ERROR;
				GCC_WARN_UNDECLARED_SELECTOR = YES;
				GCC_WARN_UNINITIALIZED_AUTOS = YES_AGGRESSIVE;
				GCC_WARN_UNUSED_FUNCTION = YES;
				GCC_WARN_UNUSED_VARIABLE = YES;
				IPHONEOS_DEPLOYMENT_TARGET = 10.3;
				MTL_ENABLE_DEBUG_INFO = NO;
				SDKROOT = iphoneos;
				SWIFT_OPTIMIZATION_LEVEL = "-Owholemodule";
				VALIDATE_PRODUCT = YES;
			};
			name = Release;
		};
		38B5F6801F32D1BF007F087C /* Debug */ = {
			isa = XCBuildConfiguration;
			baseConfigurationReference = 7550E0BEED5C334BA897F7B6 /* Pods-Draw.debug.xcconfig */;
			buildSettings = {
				ASSETCATALOG_COMPILER_APPICON_NAME = AppIcon;
				DEVELOPMENT_TEAM = N3VBXEQWW6;
				INFOPLIST_FILE = Draw/Info.plist;
				LD_RUNPATH_SEARCH_PATHS = "$(inherited) @executable_path/Frameworks";
				PRODUCT_BUNDLE_IDENTIFIER = csd.Draw;
				PRODUCT_NAME = "$(TARGET_NAME)";
				SWIFT_VERSION = 3.0;
			};
			name = Debug;
		};
		38B5F6811F32D1BF007F087C /* Release */ = {
			isa = XCBuildConfiguration;
			baseConfigurationReference = 85EFA469212F4507FD020EEA /* Pods-Draw.release.xcconfig */;
			buildSettings = {
				ASSETCATALOG_COMPILER_APPICON_NAME = AppIcon;
				DEVELOPMENT_TEAM = N3VBXEQWW6;
				INFOPLIST_FILE = Draw/Info.plist;
				LD_RUNPATH_SEARCH_PATHS = "$(inherited) @executable_path/Frameworks";
				PRODUCT_BUNDLE_IDENTIFIER = csd.Draw;
				PRODUCT_NAME = "$(TARGET_NAME)";
				SWIFT_VERSION = 3.0;
			};
			name = Release;
		};
/* End XCBuildConfiguration section */

/* Begin XCConfigurationList section */
		38B5F6681F32D1BF007F087C /* Build configuration list for PBXProject "Draw" */ = {
			isa = XCConfigurationList;
			buildConfigurations = (
				38B5F67D1F32D1BF007F087C /* Debug */,
				38B5F67E1F32D1BF007F087C /* Release */,
			);
			defaultConfigurationIsVisible = 0;
			defaultConfigurationName = Release;
		};
		38B5F67F1F32D1BF007F087C /* Build configuration list for PBXNativeTarget "Draw" */ = {
			isa = XCConfigurationList;
			buildConfigurations = (
				38B5F6801F32D1BF007F087C /* Debug */,
				38B5F6811F32D1BF007F087C /* Release */,
			);
			defaultConfigurationIsVisible = 0;
			defaultConfigurationName = Release;
		};
/* End XCConfigurationList section */
	};
	rootObject = 38B5F6651F32D1BF007F087C /* Project object */;
}
